
Microsoft Visual Studio Solution File, Format Version 12.00
# Visual Studio Version 17
VisualStudioVersion = 17.5.33627.172
MinimumVisualStudioVersion = 10.0.40219.1
Project("{FAE04EC0-301F-11D3-BF4B-00C04F79EFBC}") = "PracticaLINQ", "PracticaLINQ\PracticaLINQ.csproj", "{FEB8EC47-2BBE-4092-BF07-3978CD7A15FD}"
EndProject
Global
	GlobalSection(SolutionConfigurationPlatforms) = preSolution
		Debug|Any CPU = Debug|Any CPU
		Release|Any CPU = Release|Any CPU
	EndGlobalSection
	GlobalSection(ProjectConfigurationPlatforms) = postSolution
		{FEB8EC47-2BBE-4092-BF07-3978CD7A15FD}.Debug|Any CPU.ActiveCfg = Debug|Any CPU
		{FEB8EC47-2BBE-4092-BF07-3978CD7A15FD}.Debug|Any CPU.Build.0 = Debug|Any CPU
		{FEB8EC47-2BBE-4092-BF07-3978CD7A15FD}.Release|Any CPU.ActiveCfg = Release|Any CPU
		{FEB8EC47-2BBE-4092-BF07-3978CD7A15FD}.Release|Any CPU.Build.0 = Release|Any CPU
	EndGlobalSection
	GlobalSection(SolutionProperties) = preSolution
		HideSolutionNode = FALSE
	EndGlobalSection
	GlobalSection(ExtensibilityGlobals) = postSolution
		SolutionGuid = {ED00F613-41FE-47EB-A21B-8BC148457ED3}
	EndGlobalSection
EndGlobal
